PODS:
  - Flutter (1.0.0)
  - umeng_uapp (0.0.1):
    - Flutter

DEPENDENCIES:
  - Flutter (from `.symlinks/flutter/ios-release`)
  - umeng_uapp (from `.symlinks/plugins/umeng_uapp/ios`)

EXTERNAL SOURCES:
  Flutter:
    :path: ".symlinks/flutter/ios-release"
  umeng_uapp:
    :path: ".symlinks/plugins/umeng_uapp/ios"

SPEC CHECKSUMS:
  Flutter: 58dd7d1b27887414a370fcccb9e645c08ffd7a6a
  umeng_uapp: 21c4aa8221976d071460074ef2e1f1376a156cc7

PODFILE CHECKSUM: aff02bfeed411c636180d6812254b2daeea14d09

COCOAPODS: 1.6.2
